
Microsoft Visual Studio Solution File, Format Version 12.00
# Visual Studio 15
Project("{FAE04EC0-301F-11D3-BF4B-00C04F79EFBC}") = "Assembly-CSharp", "Assembly-CSharp.csproj", "{AB87F84D-B972-C43F-1839-943BA261A335}"
EndProject
Project("{FAE04EC0-301F-11D3-BF4B-00C04F79EFBC}") = "Assembly-CSharp-Editor", "Assembly-CSharp-Editor.csproj", "{7D0AEB0F-E468-6D19-B141-DD2E6C9117D6}"
EndProject
Global
	GlobalSection(SolutionConfigurationPlatforms) = preSolution
		Debug|Any CPU = Debug|Any CPU
		Release|Any CPU = Release|Any CPU
	EndGlobalSection
	GlobalSection(ProjectConfigurationPlatforms) = postSolution
		{AB87F84D-B972-C43F-1839-943BA261A335}.Debug|Any CPU.ActiveCfg = Debug|Any CPU
		{AB87F84D-B972-C43F-1839-943BA261A335}.Debug|Any CPU.Build.0 = Debug|Any CPU
		{AB87F84D-B972-C43F-1839-943BA261A335}.Release|Any CPU.ActiveCfg = Release|Any CPU
		{AB87F84D-B972-C43F-1839-943BA261A335}.Release|Any CPU.Build.0 = Release|Any CPU
		{7D0AEB0F-E468-6D19-B141-DD2E6C9117D6}.Debug|Any CPU.ActiveCfg = Debug|Any CPU
		{7D0AEB0F-E468-6D19-B141-DD2E6C9117D6}.Debug|Any CPU.Build.0 = Debug|Any CPU
		{7D0AEB0F-E468-6D19-B141-DD2E6C9117D6}.Release|Any CPU.ActiveCfg = Release|Any CPU
		{7D0AEB0F-E468-6D19-B141-DD2E6C9117D6}.Release|Any CPU.Build.0 = Release|Any CPU
	EndGlobalSection
	GlobalSection(SolutionProperties) = preSolution
		HideSolutionNode = FALSE
	EndGlobalSection
EndGlobal
